
Microsoft Visual Studio Solution File, Format Version 12.00
# Visual Studio Version 16
VisualStudioVersion = 16.0.32106.194
MinimumVisualStudioVersion = 10.0.40219.1
Project("{FAE04EC0-301F-11D3-BF4B-00C04F79EFBC}") = "Course3Heranca", "Course3Heranca\Course3Heranca.csproj", "{45852CDD-A64B-4D21-8FA7-213F43822443}"
EndProject
Global
	GlobalSection(SolutionConfigurationPlatforms) = preSolution
		Debug|Any CPU = Debug|Any CPU
		Release|Any CPU = Release|Any CPU
	EndGlobalSection
	GlobalSection(ProjectConfigurationPlatforms) = postSolution
		{45852CDD-A64B-4D21-8FA7-213F43822443}.Debug|Any CPU.ActiveCfg = Debug|Any CPU
		{45852CDD-A64B-4D21-8FA7-213F43822443}.Debug|Any CPU.Build.0 = Debug|Any CPU
		{45852CDD-A64B-4D21-8FA7-213F43822443}.Release|Any CPU.ActiveCfg = Release|Any CPU
		{45852CDD-A64B-4D21-8FA7-213F43822443}.Release|Any CPU.Build.0 = Release|Any CPU
	EndGlobalSection
	GlobalSection(SolutionProperties) = preSolution
		HideSolutionNode = FALSE
	EndGlobalSection
	GlobalSection(ExtensibilityGlobals) = postSolution
		SolutionGuid = {471514CC-B5C4-4DEC-A7E3-8038B502FF34}
	EndGlobalSection
EndGlobal
